
Microsoft Visual Studio Solution File, Format Version 12.00
# Visual Studio 15
VisualStudioVersion = 15.0.27703.2047
MinimumVisualStudioVersion = 10.0.40219.1
Project("{FAE04EC0-301F-11D3-BF4B-00C04F79EFBC}") = "AmznStudio.Core", "AmznStudio.Core\AmznStudio.Core.csproj", "{13A166FB-BD86-4038-B32A-66D729165FA3}"
EndProject
Global
	GlobalSection(SolutionConfigurationPlatforms) = preSolution
		Debug|Any CPU = Debug|Any CPU
		Release|Any CPU = Release|Any CPU
	EndGlobalSection
	GlobalSection(ProjectConfigurationPlatforms) = postSolution
		{13A166FB-BD86-4038-B32A-66D729165FA3}.Debug|Any CPU.ActiveCfg = Debug|Any CPU
		{13A166FB-BD86-4038-B32A-66D729165FA3}.Debug|Any CPU.Build.0 = Debug|Any CPU
		{13A166FB-BD86-4038-B32A-66D729165FA3}.Release|Any CPU.ActiveCfg = Release|Any CPU
		{13A166FB-BD86-4038-B32A-66D729165FA3}.Release|Any CPU.Build.0 = Release|Any CPU
	EndGlobalSection
	GlobalSection(SolutionProperties) = preSolution
		HideSolutionNode = FALSE
	EndGlobalSection
	GlobalSection(ExtensibilityGlobals) = postSolution
		SolutionGuid = {A36A63B0-B173-4ED4-9D1F-7FE0666CEC0B}
	EndGlobalSection
EndGlobal
